
Microsoft Visual Studio Solution File, Format Version 12.00
# Visual Studio Version 17
VisualStudioVersion = 17.9.34728.123
MinimumVisualStudioVersion = 10.0.40219.1
Project("{8BC9CEB8-8B4A-11D0-8D11-00A0C91BC942}") = "03_DecAHex", "03_DecAHex\03_DecAHex.vcxproj", "{1F88859F-F2E5-4C68-AA46-3510EC1AF217}"
EndProject
Global
	GlobalSection(SolutionConfigurationPlatforms) = preSolution
		Debug|x64 = Debug|x64
		Debug|x86 = Debug|x86
		Release|x64 = Release|x64
		Release|x86 = Release|x86
	EndGlobalSection
	GlobalSection(ProjectConfigurationPlatforms) = postSolution
		{1F88859F-F2E5-4C68-AA46-3510EC1AF217}.Debug|x64.ActiveCfg = Debug|x64
		{1F88859F-F2E5-4C68-AA46-3510EC1AF217}.Debug|x64.Build.0 = Debug|x64
		{1F88859F-F2E5-4C68-AA46-3510EC1AF217}.Debug|x86.ActiveCfg = Debug|Win32
		{1F88859F-F2E5-4C68-AA46-3510EC1AF217}.Debug|x86.Build.0 = Debug|Win32
		{1F88859F-F2E5-4C68-AA46-3510EC1AF217}.Release|x64.ActiveCfg = Release|x64
		{1F88859F-F2E5-4C68-AA46-3510EC1AF217}.Release|x64.Build.0 = Release|x64
		{1F88859F-F2E5-4C68-AA46-3510EC1AF217}.Release|x86.ActiveCfg = Release|Win32
		{1F88859F-F2E5-4C68-AA46-3510EC1AF217}.Release|x86.Build.0 = Release|Win32
	EndGlobalSection
	GlobalSection(SolutionProperties) = preSolution
		HideSolutionNode = FALSE
	EndGlobalSection
	GlobalSection(ExtensibilityGlobals) = postSolution
		SolutionGuid = {BC831BC5-89AD-4F19-91AB-F65CE194FB7A}
	EndGlobalSection
EndGlobal
